Microsoft Visual Studio Solution File, Format Version 12.00
# Visual Studio Version 17
VisualStudioVersion = 17.0.31903.59
MinimumVisualStudioVersion = 10.0.40219.1
Project("{9A19103F-16F7-4668-BE54-9A1E7A4F7556}") = "FastCsv", "src\FastCsv\FastCsv.csproj", "{2A5F3B8E-9C4D-4F1A-8B7E-1D2C3E4F5A6B}"
EndProject
Project("{9A19103F-16F7-4668-BE54-9A1E7A4F7556}") = "FastCsv.Tests", "tests\Common\FastCsv.Tests\FastCsv.Tests.csproj", "{3B6F4C9E-AD5E-4F2B-9C8F-2E3D4F5A6B7C}"
EndProject
Project("{2150E333-8FDC-42A3-9474-1A3956D46DE8}") = "10 - Solution", "10 - Solution", "{8FB9904F-FF0F-4F7F-EF3F-7F8F9FABCDEF}"
	ProjectSection(SolutionItems) = preProject
		.editorconfig = .editorconfig
		.gitignore = .gitignore
		Directory.Build.props = Directory.Build.props
		README.md = README.md
	EndProjectSection
EndProject
Project("{2150E333-8FDC-42A3-9474-1A3956D46DE8}") = "02 - Test", "02 - Test", "{02EA681E-C7D8-13C7-8484-4AC65E1B71E8}"
EndProject
Project("{2150E333-8FDC-42A3-9474-1A3956D46DE8}") = "Common", "Common", "{D5078E5A-D40C-40BA-8BBB-FCCAFF022A9E}"
EndProject
Project("{2150E333-8FDC-42A3-9474-1A3956D46DE8}") = "net6.0", "net6.0", "{A54DCEE5-EBAD-49B0-A612-76A0EF746AD1}"
EndProject
Project("{2150E333-8FDC-42A3-9474-1A3956D46DE8}") = "net7.0", "net7.0", "{F35DE883-CF39-4111-8160-D8A148712060}"
EndProject
Project("{2150E333-8FDC-42A3-9474-1A3956D46DE8}") = "net8.0", "net8.0", "{B2EBD2CB-BB93-4DAE-8E99-8BCAC9EC4913}"
EndProject
Project("{2150E333-8FDC-42A3-9474-1A3956D46DE8}") = "net9.0", "net9.0", "{93492DFA-ABEF-4C5B-8B1C-E9ADFC5AFCEB}"
EndProject
Project("{FAE04EC0-301F-11D3-BF4B-00C04F79EFBC}") = "FastCsv.Tests", "tests\net6.0\FastCsv.Tests\FastCsv.Tests.csproj", "{FDDA1BE0-CBCF-FC27-DCFD-A0D684150D0C}"
EndProject
Project("{FAE04EC0-301F-11D3-BF4B-00C04F79EFBC}") = "FastCsv.Tests", "tests\net7.0\FastCsv.Tests\FastCsv.Tests.csproj", "{0AA85072-F504-39CD-BA65-74D21511F917}"
EndProject
Project("{FAE04EC0-301F-11D3-BF4B-00C04F79EFBC}") = "FastCsv.Tests", "tests\net8.0\FastCsv.Tests\FastCsv.Tests.csproj", "{7FD7BC52-23C8-906E-1C04-5E2D6B3B3278}"
EndProject
Project("{FAE04EC0-301F-11D3-BF4B-00C04F79EFBC}") = "FastCsv.Tests", "tests\net9.0\FastCsv.Tests\FastCsv.Tests.csproj", "{131ADA8C-3549-B76C-662A-F39706DAFC89}"
EndProject
Project("{2150E333-8FDC-42A3-9474-1A3956D46DE8}") = "01 - Source", "01 - Source", "{A584DEAD-BEB9-4D55-B9BC-627461EF48DB}"
EndProject
Global
	GlobalSection(SolutionConfigurationPlatforms) = preSolution
		Debug|Any CPU = Debug|Any CPU
		Release|Any CPU = Release|Any CPU
	EndGlobalSection
	GlobalSection(ProjectConfigurationPlatforms) = postSolution
		{2A5F3B8E-9C4D-4F1A-8B7E-1D2C3E4F5A6B}.Debug|Any CPU.ActiveCfg = Debug|Any CPU
		{2A5F3B8E-9C4D-4F1A-8B7E-1D2C3E4F5A6B}.Debug|Any CPU.Build.0 = Debug|Any CPU
		{2A5F3B8E-9C4D-4F1A-8B7E-1D2C3E4F5A6B}.Release|Any CPU.ActiveCfg = Release|Any CPU
		{2A5F3B8E-9C4D-4F1A-8B7E-1D2C3E4F5A6B}.Release|Any CPU.Build.0 = Release|Any CPU
		{3B6F4C9E-AD5E-4F2B-9C8F-2E3D4F5A6B7C}.Debug|Any CPU.ActiveCfg = Debug|Any CPU
		{3B6F4C9E-AD5E-4F2B-9C8F-2E3D4F5A6B7C}.Debug|Any CPU.Build.0 = Debug|Any CPU
		{3B6F4C9E-AD5E-4F2B-9C8F-2E3D4F5A6B7C}.Release|Any CPU.ActiveCfg = Release|Any CPU
		{3B6F4C9E-AD5E-4F2B-9C8F-2E3D4F5A6B7C}.Release|Any CPU.Build.0 = Release|Any CPU
		{FDDA1BE0-CBCF-FC27-DCFD-A0D684150D0C}.Debug|Any CPU.ActiveCfg = Debug|Any CPU
		{FDDA1BE0-CBCF-FC27-DCFD-A0D684150D0C}.Debug|Any CPU.Build.0 = Debug|Any CPU
		{FDDA1BE0-CBCF-FC27-DCFD-A0D684150D0C}.Release|Any CPU.ActiveCfg = Release|Any CPU
		{FDDA1BE0-CBCF-FC27-DCFD-A0D684150D0C}.Release|Any CPU.Build.0 = Release|Any CPU
		{0AA85072-F504-39CD-BA65-74D21511F917}.Debug|Any CPU.ActiveCfg = Debug|Any CPU
		{0AA85072-F504-39CD-BA65-74D21511F917}.Debug|Any CPU.Build.0 = Debug|Any CPU
		{0AA85072-F504-39CD-BA65-74D21511F917}.Release|Any CPU.ActiveCfg = Release|Any CPU
		{0AA85072-F504-39CD-BA65-74D21511F917}.Release|Any CPU.Build.0 = Release|Any CPU
		{7FD7BC52-23C8-906E-1C04-5E2D6B3B3278}.Debug|Any CPU.ActiveCfg = Debug|Any CPU
		{7FD7BC52-23C8-906E-1C04-5E2D6B3B3278}.Debug|Any CPU.Build.0 = Debug|Any CPU
		{7FD7BC52-23C8-906E-1C04-5E2D6B3B3278}.Release|Any CPU.ActiveCfg = Release|Any CPU
		{7FD7BC52-23C8-906E-1C04-5E2D6B3B3278}.Release|Any CPU.Build.0 = Release|Any CPU
		{131ADA8C-3549-B76C-662A-F39706DAFC89}.Debug|Any CPU.ActiveCfg = Debug|Any CPU
		{131ADA8C-3549-B76C-662A-F39706DAFC89}.Debug|Any CPU.Build.0 = Debug|Any CPU
		{131ADA8C-3549-B76C-662A-F39706DAFC89}.Release|Any CPU.ActiveCfg = Release|Any CPU
		{131ADA8C-3549-B76C-662A-F39706DAFC89}.Release|Any CPU.Build.0 = Release|Any CPU
	EndGlobalSection
	GlobalSection(SolutionProperties) = preSolution
		HideSolutionNode = FALSE
	EndGlobalSection
	GlobalSection(NestedProjects) = preSolution
		{2A5F3B8E-9C4D-4F1A-8B7E-1D2C3E4F5A6B} = {A584DEAD-BEB9-4D55-B9BC-627461EF48DB}
		{3B6F4C9E-AD5E-4F2B-9C8F-2E3D4F5A6B7C} = {D5078E5A-D40C-40BA-8BBB-FCCAFF022A9E}
		{D5078E5A-D40C-40BA-8BBB-FCCAFF022A9E} = {02EA681E-C7D8-13C7-8484-4AC65E1B71E8}
		{A54DCEE5-EBAD-49B0-A612-76A0EF746AD1} = {02EA681E-C7D8-13C7-8484-4AC65E1B71E8}
		{F35DE883-CF39-4111-8160-D8A148712060} = {02EA681E-C7D8-13C7-8484-4AC65E1B71E8}
		{B2EBD2CB-BB93-4DAE-8E99-8BCAC9EC4913} = {02EA681E-C7D8-13C7-8484-4AC65E1B71E8}
		{93492DFA-ABEF-4C5B-8B1C-E9ADFC5AFCEB} = {02EA681E-C7D8-13C7-8484-4AC65E1B71E8}
		{FDDA1BE0-CBCF-FC27-DCFD-A0D684150D0C} = {A54DCEE5-EBAD-49B0-A612-76A0EF746AD1}
		{0AA85072-F504-39CD-BA65-74D21511F917} = {F35DE883-CF39-4111-8160-D8A148712060}
		{7FD7BC52-23C8-906E-1C04-5E2D6B3B3278} = {B2EBD2CB-BB93-4DAE-8E99-8BCAC9EC4913}
		{131ADA8C-3549-B76C-662A-F39706DAFC89} = {93492DFA-ABEF-4C5B-8B1C-E9ADFC5AFCEB}
	EndGlobalSection
	GlobalSection(ExtensibilityGlobals) = postSolution
		SolutionGuid = {5D8F6E1F-CF7F-4F4D-BE0F-4F5E6F7A8B9C}
	EndGlobalSection
EndGlobal
