
Microsoft Visual Studio Solution File, Format Version 12.00
# Visual Studio Version 17
VisualStudioVersion = 17.0.31903.59
MinimumVisualStudioVersion = 10.0.40219.1
Project("{9A19103F-16F7-4668-BE54-9A1E7A4F7556}") = "HeroCsv", "src\HeroCsv\HeroCsv.csproj", "{2A5F3B8E-9C4D-4F1A-8B7E-1D2C3E4F5A6B}"
EndProject
Project("{2150E333-8FDC-42A3-9474-1A3956D46DE8}") = "10 - Solution", "10 - Solution", "{8FB9904F-FF0F-4F7F-EF3F-7F8F9FABCDEF}"
	ProjectSection(SolutionItems) = preProject
		.editorconfig = .editorconfig
		.gitignore = .gitignore
		Directory.Build.props = Directory.Build.props
		README.md = README.md
	EndProjectSection
EndProject
Project("{2150E333-8FDC-42A3-9474-1A3956D46DE8}") = "02 - Test", "02 - Test", "{02EA681E-C7D8-13C7-8484-4AC65E1B71E8}"
EndProject
Project("{2150E333-8FDC-42A3-9474-1A3956D46DE8}") = "net6.0", "net6.0", "{A54DCEE5-EBAD-49B0-A612-76A0EF746AD1}"
EndProject
Project("{2150E333-8FDC-42A3-9474-1A3956D46DE8}") = "net7.0", "net7.0", "{F35DE883-CF39-4111-8160-D8A148712060}"
EndProject
Project("{2150E333-8FDC-42A3-9474-1A3956D46DE8}") = "net8.0", "net8.0", "{B2EBD2CB-BB93-4DAE-8E99-8BCAC9EC4913}"
EndProject
Project("{2150E333-8FDC-42A3-9474-1A3956D46DE8}") = "net9.0", "net9.0", "{93492DFA-ABEF-4C5B-8B1C-E9ADFC5AFCEB}"
EndProject
Project("{2150E333-8FDC-42A3-9474-1A3956D46DE8}") = "01 - Source", "01 - Source", "{A584DEAD-BEB9-4D55-B9BC-627461EF48DB}"
EndProject
Project("{2150E333-8FDC-42A3-9474-1A3956D46DE8}") = "tests", "tests", "{0AB3BF05-4346-4AA6-1389-037BE0695223}"
EndProject
Project("{FAE04EC0-301F-11D3-BF4B-00C04F79EFBC}") = "HeroCsv.Tests", "tests\HeroCsv.Tests\HeroCsv.Tests.csproj", "{C4B7F5F4-EF69-470F-B3CE-1933BCBA5FC1}"
EndProject
Project("{2150E333-8FDC-42A3-9474-1A3956D46DE8}") = "benchmarks", "benchmarks", "{66320409-64EC-F7C5-3DEF-65E7510DAAD1}"
EndProject
Project("{FAE04EC0-301F-11D3-BF4B-00C04F79EFBC}") = "HeroCsv.Benchmarks", "benchmarks\HeroCsv.Benchmarks\HeroCsv.Benchmarks.csproj", "{BF74CDF6-F3D7-470F-A421-43ECC22235EC}"
EndProject
Project("{2150E333-8FDC-42A3-9474-1A3956D46DE8}") = "src", "src", "{827E0CD3-B72D-47B6-A68D-7590B98EB39B}"
EndProject
Project("{FAE04EC0-301F-11D3-BF4B-00C04F79EFBC}") = "HeroCsv.SourceGenerators", "src\HeroCsv.SourceGenerators\HeroCsv.SourceGenerators.csproj", "{54048CAB-6459-40E2-8992-F02E4EF471A2}"
EndProject
Global
	GlobalSection(SolutionConfigurationPlatforms) = preSolution
		Debug|Any CPU = Debug|Any CPU
		Debug|x64 = Debug|x64
		Debug|x86 = Debug|x86
		Release|Any CPU = Release|Any CPU
		Release|x64 = Release|x64
		Release|x86 = Release|x86
	EndGlobalSection
	GlobalSection(ProjectConfigurationPlatforms) = postSolution
		{2A5F3B8E-9C4D-4F1A-8B7E-1D2C3E4F5A6B}.Debug|Any CPU.ActiveCfg = Debug|Any CPU
		{2A5F3B8E-9C4D-4F1A-8B7E-1D2C3E4F5A6B}.Debug|Any CPU.Build.0 = Debug|Any CPU
		{2A5F3B8E-9C4D-4F1A-8B7E-1D2C3E4F5A6B}.Debug|x64.ActiveCfg = Debug|Any CPU
		{2A5F3B8E-9C4D-4F1A-8B7E-1D2C3E4F5A6B}.Debug|x64.Build.0 = Debug|Any CPU
		{2A5F3B8E-9C4D-4F1A-8B7E-1D2C3E4F5A6B}.Debug|x86.ActiveCfg = Debug|Any CPU
		{2A5F3B8E-9C4D-4F1A-8B7E-1D2C3E4F5A6B}.Debug|x86.Build.0 = Debug|Any CPU
		{2A5F3B8E-9C4D-4F1A-8B7E-1D2C3E4F5A6B}.Release|Any CPU.ActiveCfg = Release|Any CPU
		{2A5F3B8E-9C4D-4F1A-8B7E-1D2C3E4F5A6B}.Release|Any CPU.Build.0 = Release|Any CPU
		{2A5F3B8E-9C4D-4F1A-8B7E-1D2C3E4F5A6B}.Release|x64.ActiveCfg = Release|Any CPU
		{2A5F3B8E-9C4D-4F1A-8B7E-1D2C3E4F5A6B}.Release|x64.Build.0 = Release|Any CPU
		{2A5F3B8E-9C4D-4F1A-8B7E-1D2C3E4F5A6B}.Release|x86.ActiveCfg = Release|Any CPU
		{2A5F3B8E-9C4D-4F1A-8B7E-1D2C3E4F5A6B}.Release|x86.Build.0 = Release|Any CPU
		{C4B7F5F4-EF69-470F-B3CE-1933BCBA5FC1}.Debug|Any CPU.ActiveCfg = Debug|Any CPU
		{C4B7F5F4-EF69-470F-B3CE-1933BCBA5FC1}.Debug|Any CPU.Build.0 = Debug|Any CPU
		{C4B7F5F4-EF69-470F-B3CE-1933BCBA5FC1}.Debug|x64.ActiveCfg = Debug|Any CPU
		{C4B7F5F4-EF69-470F-B3CE-1933BCBA5FC1}.Debug|x64.Build.0 = Debug|Any CPU
		{C4B7F5F4-EF69-470F-B3CE-1933BCBA5FC1}.Debug|x86.ActiveCfg = Debug|Any CPU
		{C4B7F5F4-EF69-470F-B3CE-1933BCBA5FC1}.Debug|x86.Build.0 = Debug|Any CPU
		{C4B7F5F4-EF69-470F-B3CE-1933BCBA5FC1}.Release|Any CPU.ActiveCfg = Release|Any CPU
		{C4B7F5F4-EF69-470F-B3CE-1933BCBA5FC1}.Release|Any CPU.Build.0 = Release|Any CPU
		{C4B7F5F4-EF69-470F-B3CE-1933BCBA5FC1}.Release|x64.ActiveCfg = Release|Any CPU
		{C4B7F5F4-EF69-470F-B3CE-1933BCBA5FC1}.Release|x64.Build.0 = Release|Any CPU
		{C4B7F5F4-EF69-470F-B3CE-1933BCBA5FC1}.Release|x86.ActiveCfg = Release|Any CPU
		{C4B7F5F4-EF69-470F-B3CE-1933BCBA5FC1}.Release|x86.Build.0 = Release|Any CPU
		{BF74CDF6-F3D7-470F-A421-43ECC22235EC}.Debug|Any CPU.ActiveCfg = Debug|Any CPU
		{BF74CDF6-F3D7-470F-A421-43ECC22235EC}.Debug|Any CPU.Build.0 = Debug|Any CPU
		{BF74CDF6-F3D7-470F-A421-43ECC22235EC}.Debug|x64.ActiveCfg = Debug|Any CPU
		{BF74CDF6-F3D7-470F-A421-43ECC22235EC}.Debug|x64.Build.0 = Debug|Any CPU
		{BF74CDF6-F3D7-470F-A421-43ECC22235EC}.Debug|x86.ActiveCfg = Debug|Any CPU
		{BF74CDF6-F3D7-470F-A421-43ECC22235EC}.Debug|x86.Build.0 = Debug|Any CPU
		{BF74CDF6-F3D7-470F-A421-43ECC22235EC}.Release|Any CPU.ActiveCfg = Release|Any CPU
		{BF74CDF6-F3D7-470F-A421-43ECC22235EC}.Release|Any CPU.Build.0 = Release|Any CPU
		{BF74CDF6-F3D7-470F-A421-43ECC22235EC}.Release|x64.ActiveCfg = Release|Any CPU
		{BF74CDF6-F3D7-470F-A421-43ECC22235EC}.Release|x64.Build.0 = Release|Any CPU
		{BF74CDF6-F3D7-470F-A421-43ECC22235EC}.Release|x86.ActiveCfg = Release|Any CPU
		{BF74CDF6-F3D7-470F-A421-43ECC22235EC}.Release|x86.Build.0 = Release|Any CPU
		{54048CAB-6459-40E2-8992-F02E4EF471A2}.Debug|Any CPU.ActiveCfg = Debug|Any CPU
		{54048CAB-6459-40E2-8992-F02E4EF471A2}.Debug|Any CPU.Build.0 = Debug|Any CPU
		{54048CAB-6459-40E2-8992-F02E4EF471A2}.Debug|x64.ActiveCfg = Debug|Any CPU
		{54048CAB-6459-40E2-8992-F02E4EF471A2}.Debug|x64.Build.0 = Debug|Any CPU
		{54048CAB-6459-40E2-8992-F02E4EF471A2}.Debug|x86.ActiveCfg = Debug|Any CPU
		{54048CAB-6459-40E2-8992-F02E4EF471A2}.Debug|x86.Build.0 = Debug|Any CPU
		{54048CAB-6459-40E2-8992-F02E4EF471A2}.Release|Any CPU.ActiveCfg = Release|Any CPU
		{54048CAB-6459-40E2-8992-F02E4EF471A2}.Release|Any CPU.Build.0 = Release|Any CPU
		{54048CAB-6459-40E2-8992-F02E4EF471A2}.Release|x64.ActiveCfg = Release|Any CPU
		{54048CAB-6459-40E2-8992-F02E4EF471A2}.Release|x64.Build.0 = Release|Any CPU
		{54048CAB-6459-40E2-8992-F02E4EF471A2}.Release|x86.ActiveCfg = Release|Any CPU
		{54048CAB-6459-40E2-8992-F02E4EF471A2}.Release|x86.Build.0 = Release|Any CPU
	EndGlobalSection
	GlobalSection(SolutionProperties) = preSolution
		HideSolutionNode = FALSE
	EndGlobalSection
	GlobalSection(NestedProjects) = preSolution
		{2A5F3B8E-9C4D-4F1A-8B7E-1D2C3E4F5A6B} = {A584DEAD-BEB9-4D55-B9BC-627461EF48DB}
		{A54DCEE5-EBAD-49B0-A612-76A0EF746AD1} = {02EA681E-C7D8-13C7-8484-4AC65E1B71E8}
		{F35DE883-CF39-4111-8160-D8A148712060} = {02EA681E-C7D8-13C7-8484-4AC65E1B71E8}
		{B2EBD2CB-BB93-4DAE-8E99-8BCAC9EC4913} = {02EA681E-C7D8-13C7-8484-4AC65E1B71E8}
		{93492DFA-ABEF-4C5B-8B1C-E9ADFC5AFCEB} = {02EA681E-C7D8-13C7-8484-4AC65E1B71E8}
		{C4B7F5F4-EF69-470F-B3CE-1933BCBA5FC1} = {0AB3BF05-4346-4AA6-1389-037BE0695223}
		{BF74CDF6-F3D7-470F-A421-43ECC22235EC} = {66320409-64EC-F7C5-3DEF-65E7510DAAD1}
		{54048CAB-6459-40E2-8992-F02E4EF471A2} = {827E0CD3-B72D-47B6-A68D-7590B98EB39B}
	EndGlobalSection
	GlobalSection(ExtensibilityGlobals) = postSolution
		SolutionGuid = {5D8F6E1F-CF7F-4F4D-BE0F-4F5E6F7A8B9C}
	EndGlobalSection
EndGlobal
